
Microsoft Visual Studio Solution File, Format Version 12.00
# Visual Studio Version 17
VisualStudioVersion = 17.1.32120.378
MinimumVisualStudioVersion = 10.0.40219.1
Project("{FAE04EC0-301F-11D3-BF4B-00C04F79EFBC}") = "SpoofyAPI", "SpoofyAPI\SpoofyAPI.csproj", "{301DC00E-2D6D-41A6-BBF9-636C9BB5EB4E}"
EndProject
Global
	GlobalSection(SolutionConfigurationPlatforms) = preSolution
		Debug|Any CPU = Debug|Any CPU
		Release|Any CPU = Release|Any CPU
	EndGlobalSection
	GlobalSection(ProjectConfigurationPlatforms) = postSolution
		{301DC00E-2D6D-41A6-BBF9-636C9BB5EB4E}.Debug|Any CPU.ActiveCfg = Debug|Any CPU
		{301DC00E-2D6D-41A6-BBF9-636C9BB5EB4E}.Debug|Any CPU.Build.0 = Debug|Any CPU
		{301DC00E-2D6D-41A6-BBF9-636C9BB5EB4E}.Release|Any CPU.ActiveCfg = Release|Any CPU
		{301DC00E-2D6D-41A6-BBF9-636C9BB5EB4E}.Release|Any CPU.Build.0 = Release|Any CPU
	EndGlobalSection
	GlobalSection(SolutionProperties) = preSolution
		HideSolutionNode = FALSE
	EndGlobalSection
	GlobalSection(ExtensibilityGlobals) = postSolution
		SolutionGuid = {B1BFD9CB-1900-4716-9A1C-226CC6B69D5C}
	EndGlobalSection
EndGlobal
